
Microsoft Visual Studio Solution File, Format Version 12.00
# Visual Studio 15
VisualStudioVersion = 15.0.27004.2006
MinimumVisualStudioVersion = 10.0.40219.1
Project("{FAE04EC0-301F-11D3-BF4B-00C04F79EFBC}") = "HackatonChatbot", "HackatonChatbot\HackatonChatbot.csproj", "{FCC6443B-F2CD-450F-872F-F5A60328239B}"
EndProject
Global
	GlobalSection(SolutionConfigurationPlatforms) = preSolution
		Debug|Any CPU = Debug|Any CPU
		Release|Any CPU = Release|Any CPU
	EndGlobalSection
	GlobalSection(ProjectConfigurationPlatforms) = postSolution
		{FCC6443B-F2CD-450F-872F-F5A60328239B}.Debug|Any CPU.ActiveCfg = Debug|Any CPU
		{FCC6443B-F2CD-450F-872F-F5A60328239B}.Debug|Any CPU.Build.0 = Debug|Any CPU
		{FCC6443B-F2CD-450F-872F-F5A60328239B}.Release|Any CPU.ActiveCfg = Release|Any CPU
		{FCC6443B-F2CD-450F-872F-F5A60328239B}.Release|Any CPU.Build.0 = Release|Any CPU
	EndGlobalSection
	GlobalSection(SolutionProperties) = preSolution
		HideSolutionNode = FALSE
	EndGlobalSection
	GlobalSection(ExtensibilityGlobals) = postSolution
		SolutionGuid = {9020B164-6EA5-49C6-B331-6BC4FD79FF52}
	EndGlobalSection
EndGlobal
